github.com/hybridgroup/mechanoid v0.0.0-20240306161038-16a074177aa7 h1:HRRt8lsxuCP8QpHvUD/8vafhhZGt139X9P7PMbMw7qk=
github.com/hybridgroup/mechanoid v0.0.0-20240306161038-16a074177aa7/go.mod h1:/WXnW1LS5u/kl7T0JkBK2D5JGhe6Q8RYrpovuIYY4Fg=
github.com/orsinium-forks/wazero v0.0.0-20240305131633-28fdf656fe85 h1:SEURwzbGfMFBbwCpcaDkkbZu7jUoPWT6fbJ3Zh+Ssow=
github.com/orsinium-forks/wazero v0.0.0-20240305131633-28fdf656fe85/go.mod h1:0U0G41+ochRKoPKCJlh0jMg1CHkyfK8kDqiirMmKY8A=
github.com/orsinium-labs/tinytest v1.0.0 h1:YiGm/whlGm3mn/ynx9CCFuvEa3Q6yEGrzrKXEqJOkdc=
github.com/orsinium-labs/tinytest v1.0.0/go.mod h1:GwcYBp0aKi6zujzBXFpCnqw6RSLSp9JSedDyu/V1DF4=
github.com/orsinium-labs/wypes v0.1.2 h1:xa+d83u6jkGENM2I63KY1dxTC9S/D2At/rB7EsvU5QY=
github.com/orsinium-labs/wypes v0.1.2/go.mod h1:FSNWGo8I6/D5RYXMkCxyu71TXJAlwJGQUxgs4i6MAwo=
