github.com/hybridgroup/mechanoid v0.0.0-20240308111911-97652132727d h1:KRCQ1daf3LiWzL0nIxzWNdHmDFLnwLFGhCmuEmyR1cA=
github.com/hybridgroup/mechanoid v0.0.0-20240308111911-97652132727d/go.mod h1:goPLq6Qim+Hr7nGeDflbxPNqhErDAdhpUmFp44URbo8=
github.com/orsinium-forks/wazero v0.0.0-20240305131633-28fdf656fe85 h1:SEURwzbGfMFBbwCpcaDkkbZu7jUoPWT6fbJ3Zh+Ssow=
github.com/orsinium-forks/wazero v0.0.0-20240305131633-28fdf656fe85/go.mod h1:0U0G41+ochRKoPKCJlh0jMg1CHkyfK8kDqiirMmKY8A=
github.com/orsinium-labs/tinytest v1.0.0 h1:YiGm/whlGm3mn/ynx9CCFuvEa3Q6yEGrzrKXEqJOkdc=
github.com/orsinium-labs/tinytest v1.0.0/go.mod h1:GwcYBp0aKi6zujzBXFpCnqw6RSLSp9JSedDyu/V1DF4=
github.com/orsinium-labs/wypes v0.1.4 h1:+7oih2IDlEpz7laiL3sQFlIU8vjd5j/SwcYlPdIPc0Q=
github.com/orsinium-labs/wypes v0.1.4/go.mod h1:FSNWGo8I6/D5RYXMkCxyu71TXJAlwJGQUxgs4i6MAwo=
