github.com/hybridgroup/mechanoid v0.0.0-20240226092418-05bc406ce79c h1:e4XeJW0ko5Aw3cdk2ZkVAUzqDhPmhlxrW28OKk8wb/w=
github.com/hybridgroup/mechanoid v0.0.0-20240226092418-05bc406ce79c/go.mod h1:zp+nksaDvr1CNnxuQedgjjxezcfv8Koz9vipUM46IGI=
github.com/hybridgroup/mechanoid v0.0.0-20240229223522-3549fad24552 h1:EAhyi5kRkjntjwh6HZYnMXr3bqCm2OAnc5SURZ6KOdY=
github.com/hybridgroup/mechanoid v0.0.0-20240229223522-3549fad24552/go.mod h1:Wwv4M6aVB7554PaAYP2tm3NNNJwJK3BnJP8Pp7RxQJo=
