github.com/creack/goselect v0.1.2 h1:2DNy14+JPjRBgPzAd1thbQp4BSIihxcBf0IXhQXDRa0=
github.com/creack/goselect v0.1.2/go.mod h1:a/NhLweNvqIYMuxcMOuWY516Cimucms3DglDzQP3hKY=
github.com/davecgh/go-spew v1.1.0 h1:ZDRjVQ15GmhC3fiQ8ni8+OwkZQO4DARzQgrnXU1Liz8=
github.com/davecgh/go-spew v1.1.0/go.mod h1:J7Y8YcW2NihsgmVo/mv3lAwl/skON4iLHjSsI+c5H38=
github.com/hybridgroup/mechanoid v0.0.0-20240309101400-ad81b2dd8832 h1:bdGIXRJHDppgkW1g6ygeS3Plz0X4846/w2iMq13wmk8=
github.com/hybridgroup/mechanoid v0.0.0-20240309101400-ad81b2dd8832/go.mod h1:goPLq6Qim+Hr7nGeDflbxPNqhErDAdhpUmFp44URbo8=
github.com/hybridgroup/wasman v0.0.0-20240304140329-ce1ea6b61834 h1:pP916/7OLromi+7fHcbw5jIXOT/idiEBQ3ucbl8caz8=
github.com/hybridgroup/wasman v0.0.0-20240304140329-ce1ea6b61834/go.mod h1:rLavUo4P0xVcDeDnViYEpPQPoACmp1py9UTLPY/R7Lg=
github.com/orsinium-forks/wazero v0.0.0-20240217173836-b12c024bcbe4 h1:MUh9e2izck9aROiwDsDm24UU7kHieYM2911U1t+NASs=
github.com/orsinium-forks/wazero v0.0.0-20240217173836-b12c024bcbe4/go.mod h1:0U0G41+ochRKoPKCJlh0jMg1CHkyfK8kDqiirMmKY8A=
github.com/orsinium-labs/tinytest v1.0.0 h1:YiGm/whlGm3mn/ynx9CCFuvEa3Q6yEGrzrKXEqJOkdc=
github.com/orsinium-labs/tinytest v1.0.0/go.mod h1:GwcYBp0aKi6zujzBXFpCnqw6RSLSp9JSedDyu/V1DF4=
github.com/orsinium-labs/wypes v0.1.4 h1:+7oih2IDlEpz7laiL3sQFlIU8vjd5j/SwcYlPdIPc0Q=
github.com/orsinium-labs/wypes v0.1.4/go.mod h1:FSNWGo8I6/D5RYXMkCxyu71TXJAlwJGQUxgs4i6MAwo=
github.com/pmezard/go-difflib v1.0.0 h1:4DBwDE0NGyQoBHbLQYPwSUPoCMWR5BEzIk/f1lZbAQM=
github.com/pmezard/go-difflib v1.0.0/go.mod h1:iKH77koFhYxTK1pcRnkKkqfTogsbg7gZNVY4sRDYZ/4=
github.com/stretchr/testify v1.7.0 h1:nwc3DEeHmmLAfoZucVR881uASk0Mfjw8xYJ99tb5CcY=
github.com/stretchr/testify v1.7.0/go.mod h1:6Fq8oRcR53rry900zMqJjRRixrwX3KX962/h/Wwjteg=
go.bug.st/serial v1.6.2 h1:kn9LRX3sdm+WxWKufMlIRndwGfPWsH1/9lCWXQCasq8=
go.bug.st/serial v1.6.2/go.mod h1:UABfsluHAiaNI+La2iESysd9Vetq7VRdpxvjx7CmmOE=
golang.org/x/sys v0.0.0-20220829200755-d48e67d00261 h1:v6hYoSR9T5oet+pMXwUWkbiVqx/63mlHjefrHmxwfeY=
golang.org/x/sys v0.0.0-20220829200755-d48e67d00261/go.mod h1:oPkhp1MJrh7nUepCBck5+mAzfO9JrbApNNgaTdGDITg=
gopkg.in/yaml.v3 v3.0.0-20200313102051-9f266ea9e77c h1:dUUwHk2QECo/6vqA44rthZ8ie2QXMNeKRTHCNY2nXvo=
gopkg.in/yaml.v3 v3.0.0-20200313102051-9f266ea9e77c/go.mod h1:K4uyk7z7BCEPqu6E+C64Yfv1cQ7kz7rIZviUmN+EgEM=
tinygo.org/x/tinyfs v0.3.1-0.20231212053859-32ae3f6bbad9 h1:u3w9x/Jo4A5Q+WxABVd15dD2ScTI7B6DmGb3lTKNP/w=
tinygo.org/x/tinyfs v0.3.1-0.20231212053859-32ae3f6bbad9/go.mod h1:smxJYYJRbfvbQofdYoECIBPHQZJTKd4YeS3ZLvx+lpQ=
