github.com/creack/goselect v0.1.2 h1:2DNy14+JPjRBgPzAd1thbQp4BSIihxcBf0IXhQXDRa0=
github.com/creack/goselect v0.1.2/go.mod h1:a/NhLweNvqIYMuxcMOuWY516Cimucms3DglDzQP3hKY=
github.com/hybridgroup/mechanoid v0.0.0-20240223144719-a26235ac460c h1:VKkbAY1JG4etU/6eee70D2EIp9nHfDlODs74uJHOmbk=
github.com/hybridgroup/mechanoid v0.0.0-20240223144719-a26235ac460c/go.mod h1:tA5amgiRwZi14b+mACsLwkptQ5CJQourvytk32gkSiQ=
github.com/hybridgroup/wasman v0.0.0-20240223122031-5eaa03843b74 h1:kTeT4KPA7SW0lyN0+a39F07Y6/F01pQc6/UWlXlLpd8=
github.com/hybridgroup/wasman v0.0.0-20240223122031-5eaa03843b74/go.mod h1:rLavUo4P0xVcDeDnViYEpPQPoACmp1py9UTLPY/R7Lg=
go.bug.st/serial v1.6.2 h1:kn9LRX3sdm+WxWKufMlIRndwGfPWsH1/9lCWXQCasq8=
go.bug.st/serial v1.6.2/go.mod h1:UABfsluHAiaNI+La2iESysd9Vetq7VRdpxvjx7CmmOE=
golang.org/x/sys v0.0.0-20220829200755-d48e67d00261 h1:v6hYoSR9T5oet+pMXwUWkbiVqx/63mlHjefrHmxwfeY=
golang.org/x/sys v0.0.0-20220829200755-d48e67d00261/go.mod h1:oPkhp1MJrh7nUepCBck5+mAzfO9JrbApNNgaTdGDITg=
tinygo.org/x/tinyfs v0.3.1-0.20231212053859-32ae3f6bbad9 h1:u3w9x/Jo4A5Q+WxABVd15dD2ScTI7B6DmGb3lTKNP/w=
tinygo.org/x/tinyfs v0.3.1-0.20231212053859-32ae3f6bbad9/go.mod h1:smxJYYJRbfvbQofdYoECIBPHQZJTKd4YeS3ZLvx+lpQ=
