github.com/creack/goselect v0.1.2 h1:2DNy14+JPjRBgPzAd1thbQp4BSIihxcBf0IXhQXDRa0=
github.com/creack/goselect v0.1.2/go.mod h1:a/NhLweNvqIYMuxcMOuWY516Cimucms3DglDzQP3hKY=
github.com/davecgh/go-spew v1.1.0 h1:ZDRjVQ15GmhC3fiQ8ni8+OwkZQO4DARzQgrnXU1Liz8=
github.com/davecgh/go-spew v1.1.0/go.mod h1:J7Y8YcW2NihsgmVo/mv3lAwl/skON4iLHjSsI+c5H38=
github.com/hybridgroup/mechanoid v0.0.0-20240302100128-428e70966f11 h1:tbPfx28ad14EhG7z8mH+PgmjSxyqxu2ZRBLm6v0S99E=
github.com/hybridgroup/mechanoid v0.0.0-20240302100128-428e70966f11/go.mod h1:Wwv4M6aVB7554PaAYP2tm3NNNJwJK3BnJP8Pp7RxQJo=
github.com/hybridgroup/wasman v0.0.0-20240229144219-f3288962ab34 h1:XGX7Qt+ylSTF7VrwfXePwXAy2cK2iB6At+Ni/PcaNok=
github.com/hybridgroup/wasman v0.0.0-20240229144219-f3288962ab34/go.mod h1:rLavUo4P0xVcDeDnViYEpPQPoACmp1py9UTLPY/R7Lg=
github.com/pmezard/go-difflib v1.0.0 h1:4DBwDE0NGyQoBHbLQYPwSUPoCMWR5BEzIk/f1lZbAQM=
github.com/pmezard/go-difflib v1.0.0/go.mod h1:iKH77koFhYxTK1pcRnkKkqfTogsbg7gZNVY4sRDYZ/4=
github.com/stretchr/testify v1.7.0 h1:nwc3DEeHmmLAfoZucVR881uASk0Mfjw8xYJ99tb5CcY=
github.com/stretchr/testify v1.7.0/go.mod h1:6Fq8oRcR53rry900zMqJjRRixrwX3KX962/h/Wwjteg=
go.bug.st/serial v1.6.2 h1:kn9LRX3sdm+WxWKufMlIRndwGfPWsH1/9lCWXQCasq8=
go.bug.st/serial v1.6.2/go.mod h1:UABfsluHAiaNI+La2iESysd9Vetq7VRdpxvjx7CmmOE=
golang.org/x/sys v0.0.0-20220829200755-d48e67d00261 h1:v6hYoSR9T5oet+pMXwUWkbiVqx/63mlHjefrHmxwfeY=
golang.org/x/sys v0.0.0-20220829200755-d48e67d00261/go.mod h1:oPkhp1MJrh7nUepCBck5+mAzfO9JrbApNNgaTdGDITg=
gopkg.in/yaml.v3 v3.0.0-20200313102051-9f266ea9e77c h1:dUUwHk2QECo/6vqA44rthZ8ie2QXMNeKRTHCNY2nXvo=
gopkg.in/yaml.v3 v3.0.0-20200313102051-9f266ea9e77c/go.mod h1:K4uyk7z7BCEPqu6E+C64Yfv1cQ7kz7rIZviUmN+EgEM=
tinygo.org/x/tinyfs v0.3.1-0.20231212053859-32ae3f6bbad9 h1:u3w9x/Jo4A5Q+WxABVd15dD2ScTI7B6DmGb3lTKNP/w=
tinygo.org/x/tinyfs v0.3.1-0.20231212053859-32ae3f6bbad9/go.mod h1:smxJYYJRbfvbQofdYoECIBPHQZJTKd4YeS3ZLvx+lpQ=
