github.com/hybridgroup/mechanoid v0.0.0-20240302100128-428e70966f11 h1:tbPfx28ad14EhG7z8mH+PgmjSxyqxu2ZRBLm6v0S99E=
github.com/hybridgroup/mechanoid v0.0.0-20240302100128-428e70966f11/go.mod h1:Wwv4M6aVB7554PaAYP2tm3NNNJwJK3BnJP8Pp7RxQJo=
github.com/hybridgroup/wasman v0.0.0-20240229144219-f3288962ab34 h1:XGX7Qt+ylSTF7VrwfXePwXAy2cK2iB6At+Ni/PcaNok=
github.com/hybridgroup/wasman v0.0.0-20240229144219-f3288962ab34/go.mod h1:rLavUo4P0xVcDeDnViYEpPQPoACmp1py9UTLPY/R7Lg=
