github.com/creack/goselect v0.1.2 h1:2DNy14+JPjRBgPzAd1thbQp4BSIihxcBf0IXhQXDRa0=
github.com/creack/goselect v0.1.2/go.mod h1:a/NhLweNvqIYMuxcMOuWY516Cimucms3DglDzQP3hKY=
github.com/davecgh/go-spew v1.1.0 h1:ZDRjVQ15GmhC3fiQ8ni8+OwkZQO4DARzQgrnXU1Liz8=
github.com/davecgh/go-spew v1.1.0/go.mod h1:J7Y8YcW2NihsgmVo/mv3lAwl/skON4iLHjSsI+c5H38=
github.com/google/shlex v0.0.0-20191202100458-e7afc7fbc510 h1:El6M4kTTCOh6aBiKaUGG7oYTSPP8MxqL4YI3kZKwcP4=
github.com/google/shlex v0.0.0-20191202100458-e7afc7fbc510/go.mod h1:pupxD2MaaD3pAXIBCelhxNneeOaAeabZDe5s4K6zSpQ=
github.com/hybridgroup/mechanoid v0.2.1-0.20250320151011-fc8885880efa h1:hapSd/kkGmpA1Ya/U16B/aB8LXg9X2rsVw593CPt+yc=
github.com/hybridgroup/mechanoid v0.2.1-0.20250320151011-fc8885880efa/go.mod h1:frYD5b3X1YEnpkbAwdjH6pep5erF9TlrL0aDNrSugIo=
github.com/hybridgroup/wasman v0.0.0-20240304140329-ce1ea6b61834 h1:pP916/7OLromi+7fHcbw5jIXOT/idiEBQ3ucbl8caz8=
github.com/hybridgroup/wasman v0.0.0-20240304140329-ce1ea6b61834/go.mod h1:rLavUo4P0xVcDeDnViYEpPQPoACmp1py9UTLPY/R7Lg=
github.com/orsinium-labs/tinytest v1.0.0 h1:YiGm/whlGm3mn/ynx9CCFuvEa3Q6yEGrzrKXEqJOkdc=
github.com/orsinium-labs/tinytest v1.0.0/go.mod h1:GwcYBp0aKi6zujzBXFpCnqw6RSLSp9JSedDyu/V1DF4=
github.com/orsinium-labs/wypes v0.3.2 h1:CwCxfjjPxdLivPk7pg4d1yOnc9tnjeWcZvyYxG35d5M=
github.com/orsinium-labs/wypes v0.3.2/go.mod h1:FSNWGo8I6/D5RYXMkCxyu71TXJAlwJGQUxgs4i6MAwo=
github.com/pmezard/go-difflib v1.0.0 h1:4DBwDE0NGyQoBHbLQYPwSUPoCMWR5BEzIk/f1lZbAQM=
github.com/pmezard/go-difflib v1.0.0/go.mod h1:iKH77koFhYxTK1pcRnkKkqfTogsbg7gZNVY4sRDYZ/4=
github.com/stretchr/testify v1.7.0 h1:nwc3DEeHmmLAfoZucVR881uASk0Mfjw8xYJ99tb5CcY=
github.com/stretchr/testify v1.7.0/go.mod h1:6Fq8oRcR53rry900zMqJjRRixrwX3KX962/h/Wwjteg=
github.com/tetratelabs/wazero v1.9.0 h1:IcZ56OuxrtaEz8UYNRHBrUa9bYeX9oVY93KspZZBf/I=
github.com/tetratelabs/wazero v1.9.0/go.mod h1:TSbcXCfFP0L2FGkRPxHphadXPjo1T6W+CseNNY7EkjM=
go.bug.st/serial v1.6.2 h1:kn9LRX3sdm+WxWKufMlIRndwGfPWsH1/9lCWXQCasq8=
go.bug.st/serial v1.6.2/go.mod h1:UABfsluHAiaNI+La2iESysd9Vetq7VRdpxvjx7CmmOE=
golang.org/x/sys v0.0.0-20220829200755-d48e67d00261 h1:v6hYoSR9T5oet+pMXwUWkbiVqx/63mlHjefrHmxwfeY=
golang.org/x/sys v0.0.0-20220829200755-d48e67d00261/go.mod h1:oPkhp1MJrh7nUepCBck5+mAzfO9JrbApNNgaTdGDITg=
gopkg.in/yaml.v3 v3.0.0-20200313102051-9f266ea9e77c h1:dUUwHk2QECo/6vqA44rthZ8ie2QXMNeKRTHCNY2nXvo=
gopkg.in/yaml.v3 v3.0.0-20200313102051-9f266ea9e77c/go.mod h1:K4uyk7z7BCEPqu6E+C64Yfv1cQ7kz7rIZviUmN+EgEM=
tinygo.org/x/drivers v0.31.0 h1:Q2RpvTRMtdmjHD2Xyn4e8WXsJZKpIny3Lg4hzG1dLu4=
tinygo.org/x/drivers v0.31.0/go.mod h1:ZdErNrApSABdVXjA1RejD67R8SNRI6RKVfYgQDZtKtk=
tinygo.org/x/tinyfont v0.6.0 h1:GibXDSFz6xrWnEDkDRo6vsbOyRw0MVj/eza3zNHMSHs=
tinygo.org/x/tinyfont v0.6.0/go.mod h1:onflMSkpWl7r7j4MIqhPEVV39pn7yL4N3MOePl3G+G8=
tinygo.org/x/tinyfs v0.5.0 h1:1nLSvtvvoNcK3Ii+Dib9MVe4y/Fnp2iMgzbKgADGfbs=
tinygo.org/x/tinyfs v0.5.0/go.mod h1:45hZCJ5e4rJxc3BaJTy1qhe5N+LbF/CpuFS4jPhhYuo=
